
Microsoft Visual Studio Solution File, Format Version 12.00
# Visual Studio Version 16
VisualStudioVersion = 16.0.34031.81
MinimumVisualStudioVersion = 10.0.40219.1
Project("{2150E333-8FDC-42A3-9474-1A3956D46DE8}") = "Task0", "Task0", "{B2488738-6988-4A79-8008-1C604D043F2A}"
EndProject
Project("{FAE04EC0-301F-11D3-BF4B-00C04F79EFBC}") = "Tyuiu.SavitskyDA.Sprint6.Task0.V12.Lib", "Tyuiu.SavitskyDA.Sprint6.Task0.V12.Lib\Tyuiu.SavitskyDA.Sprint6.Task0.V12.Lib.csproj", "{505A414F-4185-493C-A3FA-37BC23747BD8}"
EndProject
Project("{FAE04EC0-301F-11D3-BF4B-00C04F79EFBC}") = "Tyuiu.SavitskyDA.Sprint6.Task0.V12.Test", "Tyuiu.SavitskyDA.Sprint6.Task0.V12.Test\Tyuiu.SavitskyDA.Sprint6.Task0.V12.Test.csproj", "{AFB21EE0-CBBC-4600-8D16-C72EC96E5A73}"
EndProject
Project("{FAE04EC0-301F-11D3-BF4B-00C04F79EFBC}") = "Tyuiu.SavitskyDA.Sprint6.Task0.V12", "Tyuiu.SavitskyDA.Sprint6.Task0.V12\Tyuiu.SavitskyDA.Sprint6.Task0.V12.csproj", "{26EE3A44-0561-408C-850A-C6C9BC8E893E}"
EndProject
Project("{2150E333-8FDC-42A3-9474-1A3956D46DE8}") = "Task1", "Task1", "{00AD15D6-B388-46F2-9518-E7E93B64D61C}"
EndProject
Project("{FAE04EC0-301F-11D3-BF4B-00C04F79EFBC}") = "Tyuiu.SavitskyDA.Sprint6.Task1.V29.Lib", "Tyuiu.SavitskyDA.Sprint6.Task1.V29.Lib\Tyuiu.SavitskyDA.Sprint6.Task1.V29.Lib.csproj", "{AE06644F-BF83-42AC-A538-AF67F4D4FF24}"
EndProject
Project("{FAE04EC0-301F-11D3-BF4B-00C04F79EFBC}") = "Tyuiu.SavitskyDA.Sprint6.Task1.V29.Test", "Tyuiu.SavitskyDA.Sprint6.Task1.V29.Test\Tyuiu.SavitskyDA.Sprint6.Task1.V29.Test.csproj", "{3EC312FE-2493-40D1-8FAA-D33C9976733B}"
EndProject
Project("{FAE04EC0-301F-11D3-BF4B-00C04F79EFBC}") = "Tyuiu.SavitskyDA.Sprint6.Task1.V29", "Tyuiu.SavitskyDA.Sprint6.Task1.V29\Tyuiu.SavitskyDA.Sprint6.Task1.V29.csproj", "{115F0F84-E582-4A47-A85A-6B799D17BB94}"
EndProject
Project("{2150E333-8FDC-42A3-9474-1A3956D46DE8}") = "Task2", "Task2", "{C109B9D2-6C44-4B4A-9AC1-85CB8FA3AC3C}"
EndProject
Project("{FAE04EC0-301F-11D3-BF4B-00C04F79EFBC}") = "Tyuiu.SavitskyDA.Sprint6.Task2.V9", "Tyuiu.SavitskyDA.Sprint6.Task2.V9\Tyuiu.SavitskyDA.Sprint6.Task2.V9.csproj", "{A021F5DB-DC4B-4A7B-9DD5-5E55A8A006AE}"
EndProject
Project("{FAE04EC0-301F-11D3-BF4B-00C04F79EFBC}") = "Tyuiu.SavitskyDA.Sprint6.Task2.V9.Lib", "Tyuiu.SavitskyDA.Sprint6.Task2.V9.Lib\Tyuiu.SavitskyDA.Sprint6.Task2.V9.Lib.csproj", "{46AF0165-7193-4D86-9503-EE696A83489B}"
EndProject
Project("{FAE04EC0-301F-11D3-BF4B-00C04F79EFBC}") = "Tyuiu.SavitskyDA.Sprint6.Task2.V9.Test", "Tyuiu.SavitskyDA.Sprint6.Task2.V9.Test\Tyuiu.SavitskyDA.Sprint6.Task2.V9.Test.csproj", "{C0C90AAD-754F-4D9E-A433-E694CF081A1E}"
EndProject
Project("{2150E333-8FDC-42A3-9474-1A3956D46DE8}") = "Task3", "Task3", "{1EE87910-622E-4691-BE19-DF1CC00040AB}"
EndProject
Project("{FAE04EC0-301F-11D3-BF4B-00C04F79EFBC}") = "Tyuiu.SavitskyDA.Sprint6.Task3.V6", "Tyuiu.SavitskyDA.Sprint6.Task3.V6\Tyuiu.SavitskyDA.Sprint6.Task3.V6.csproj", "{14999767-F25D-4033-B6FE-E7A392A77E14}"
EndProject
Project("{FAE04EC0-301F-11D3-BF4B-00C04F79EFBC}") = "Tyuiu.SavitskyDA.Sprint6.Task3.V6.Lib", "Tyuiu.SavitskyDA.Sprint6.Task3.V6.Lib\Tyuiu.SavitskyDA.Sprint6.Task3.V6.Lib.csproj", "{C6DD63BA-5085-4A25-BE00-09164A9ADEC9}"
EndProject
Project("{FAE04EC0-301F-11D3-BF4B-00C04F79EFBC}") = "Tyuiu.SavitskyDA.Sprint6.Task3.V6.Test", "Tyuiu.SavitskyDA.Sprint6.Task3.V6.Test\Tyuiu.SavitskyDA.Sprint6.Task3.V6.Test.csproj", "{0E425F6C-35D8-4C69-B55C-76608C970AE9}"
EndProject
Project("{2150E333-8FDC-42A3-9474-1A3956D46DE8}") = "Task4", "Task4", "{49C1DF64-4C51-4D8F-A2ED-1EC809C4780C}"
EndProject
Project("{FAE04EC0-301F-11D3-BF4B-00C04F79EFBC}") = "Tyuiu.SavitskyDA.Sprint6.Task4.V24", "Tyuiu.SavitskyDA.Sprint6.Task4.V24\Tyuiu.SavitskyDA.Sprint6.Task4.V24.csproj", "{2A6B482D-B49E-4622-B9E7-FD77E36AB400}"
EndProject
Project("{FAE04EC0-301F-11D3-BF4B-00C04F79EFBC}") = "Tyuiu.SavitskyDA.Sprint6.Task4.V24.Lib", "Tyuiu.SavitskyDA.Sprint6.Task4.V24.Lib\Tyuiu.SavitskyDA.Sprint6.Task4.V24.Lib.csproj", "{8130130D-FBB1-4105-A15F-D2E5F3564544}"
EndProject
Project("{FAE04EC0-301F-11D3-BF4B-00C04F79EFBC}") = "Tyuiu.SavitskyDA.Sprint6.Task4.V24.Test", "Tyuiu.SavitskyDA.Sprint6.Task4.V24.Test\Tyuiu.SavitskyDA.Sprint6.Task4.V24.Test.csproj", "{2AFF8CA5-8979-4CA2-9C46-F5FB061DEF44}"
EndProject
Project("{2150E333-8FDC-42A3-9474-1A3956D46DE8}") = "Task5", "Task5", "{1A2B15D1-B503-4DCB-952D-12BB5991EEB7}"
EndProject
Project("{FAE04EC0-301F-11D3-BF4B-00C04F79EFBC}") = "Tyuiu.SavitskyDA.Sprint6.Task5.V28", "Tyuiu.SavitskyDA.Sprint6.Task5.V28\Tyuiu.SavitskyDA.Sprint6.Task5.V28.csproj", "{3B4F120B-FF3B-4C88-9116-398F8002CA3D}"
EndProject
Project("{FAE04EC0-301F-11D3-BF4B-00C04F79EFBC}") = "Tyuiu.SavitskyDA.Sprint6.Task5.V28.Lib", "Tyuiu.SavitskyDA.Sprint6.Task5.V28.Lib\Tyuiu.SavitskyDA.Sprint6.Task5.V28.Lib.csproj", "{2423A5B9-38EA-453E-8CD3-6A9EDFECBFB9}"
EndProject
Project("{FAE04EC0-301F-11D3-BF4B-00C04F79EFBC}") = "Tyuiu.SavitskyDA.Sprint6.Task5.V28.Test", "Tyuiu.SavitskyDA.Sprint6.Task5.V28.Test\Tyuiu.SavitskyDA.Sprint6.Task5.V28.Test.csproj", "{202530CC-5E28-4A34-9887-0DF3C7F73454}"
EndProject
Project("{2150E333-8FDC-42A3-9474-1A3956D46DE8}") = "Task6", "Task6", "{6E388A68-0808-4C4C-B553-27E060134E36}"
EndProject
Project("{FAE04EC0-301F-11D3-BF4B-00C04F79EFBC}") = "Tyuiu.SavitskyDA.Sprint6.Task6.V10", "Tyuiu.SavitskyDA.Sprint6.Task6.V10\Tyuiu.SavitskyDA.Sprint6.Task6.V10.csproj", "{16A6FEDA-247D-4BA2-9461-AADF0C9D2313}"
EndProject
Project("{FAE04EC0-301F-11D3-BF4B-00C04F79EFBC}") = "Tyuiu.SavitskyDA.Sprint6.Task6.V10.Lib", "Tyuiu.SavitskyDA.Sprint6.Task6.V10.Lib\Tyuiu.SavitskyDA.Sprint6.Task6.V10.Lib.csproj", "{33200D8E-BBD5-4E20-A5D6-950F4A408A43}"
EndProject
Project("{FAE04EC0-301F-11D3-BF4B-00C04F79EFBC}") = "Tyuiu.SavitskyDA.Sprint6.Task6.V10.Test", "Tyuiu.SavitskyDA.Sprint6.Task6.V10.Test\Tyuiu.SavitskyDA.Sprint6.Task6.V10.Test.csproj", "{D094C9BE-8857-4E81-8304-32138574A86D}"
EndProject
Project("{2150E333-8FDC-42A3-9474-1A3956D46DE8}") = "Task7", "Task7", "{256E7676-AF2D-42E8-BBD6-C668879FF6E2}"
EndProject
Project("{FAE04EC0-301F-11D3-BF4B-00C04F79EFBC}") = "Tyuiu.SavitskyDA.Sprint6.Task7.V16", "Tyuiu.SavitskyDA.Sprint6.Task7.V16\Tyuiu.SavitskyDA.Sprint6.Task7.V16.csproj", "{B48F408D-8FEB-4FC5-9600-57AB06A2A8D1}"
EndProject
Project("{FAE04EC0-301F-11D3-BF4B-00C04F79EFBC}") = "Tyuiu.SavitskyDA.Sprint6.Task7.V16.Lib", "Tyuiu.SavitskyDA.Sprint6.Task7.V16.Lib\Tyuiu.SavitskyDA.Sprint6.Task7.V16.Lib.csproj", "{E786EA62-E49C-42CD-A940-167120B59892}"
EndProject
Project("{FAE04EC0-301F-11D3-BF4B-00C04F79EFBC}") = "Tyuiu.SavitskyDA.Sprint6.Task7.V16.Test", "Tyuiu.SavitskyDA.Sprint6.Task7.V16.Test\Tyuiu.SavitskyDA.Sprint6.Task7.V16.Test.csproj", "{C61AE5A1-E7DF-400C-9F48-786406D1F1F7}"
EndProject
Global
	GlobalSection(SolutionConfigurationPlatforms) = preSolution
		Debug|Any CPU = Debug|Any CPU
		Release|Any CPU = Release|Any CPU
	EndGlobalSection
	GlobalSection(ProjectConfigurationPlatforms) = postSolution
		{505A414F-4185-493C-A3FA-37BC23747BD8}.Debug|Any CPU.ActiveCfg = Debug|Any CPU
		{505A414F-4185-493C-A3FA-37BC23747BD8}.Debug|Any CPU.Build.0 = Debug|Any CPU
		{505A414F-4185-493C-A3FA-37BC23747BD8}.Release|Any CPU.ActiveCfg = Release|Any CPU
		{505A414F-4185-493C-A3FA-37BC23747BD8}.Release|Any CPU.Build.0 = Release|Any CPU
		{AFB21EE0-CBBC-4600-8D16-C72EC96E5A73}.Debug|Any CPU.ActiveCfg = Debug|Any CPU
		{AFB21EE0-CBBC-4600-8D16-C72EC96E5A73}.Debug|Any CPU.Build.0 = Debug|Any CPU
		{AFB21EE0-CBBC-4600-8D16-C72EC96E5A73}.Release|Any CPU.ActiveCfg = Release|Any CPU
		{AFB21EE0-CBBC-4600-8D16-C72EC96E5A73}.Release|Any CPU.Build.0 = Release|Any CPU
		{26EE3A44-0561-408C-850A-C6C9BC8E893E}.Debug|Any CPU.ActiveCfg = Debug|Any CPU
		{26EE3A44-0561-408C-850A-C6C9BC8E893E}.Debug|Any CPU.Build.0 = Debug|Any CPU
		{26EE3A44-0561-408C-850A-C6C9BC8E893E}.Release|Any CPU.ActiveCfg = Release|Any CPU
		{26EE3A44-0561-408C-850A-C6C9BC8E893E}.Release|Any CPU.Build.0 = Release|Any CPU
		{AE06644F-BF83-42AC-A538-AF67F4D4FF24}.Debug|Any CPU.ActiveCfg = Debug|Any CPU
		{AE06644F-BF83-42AC-A538-AF67F4D4FF24}.Debug|Any CPU.Build.0 = Debug|Any CPU
		{AE06644F-BF83-42AC-A538-AF67F4D4FF24}.Release|Any CPU.ActiveCfg = Release|Any CPU
		{AE06644F-BF83-42AC-A538-AF67F4D4FF24}.Release|Any CPU.Build.0 = Release|Any CPU
		{3EC312FE-2493-40D1-8FAA-D33C9976733B}.Debug|Any CPU.ActiveCfg = Debug|Any CPU
		{3EC312FE-2493-40D1-8FAA-D33C9976733B}.Debug|Any CPU.Build.0 = Debug|Any CPU
		{3EC312FE-2493-40D1-8FAA-D33C9976733B}.Release|Any CPU.ActiveCfg = Release|Any CPU
		{3EC312FE-2493-40D1-8FAA-D33C9976733B}.Release|Any CPU.Build.0 = Release|Any CPU
		{115F0F84-E582-4A47-A85A-6B799D17BB94}.Debug|Any CPU.ActiveCfg = Debug|Any CPU
		{115F0F84-E582-4A47-A85A-6B799D17BB94}.Debug|Any CPU.Build.0 = Debug|Any CPU
		{115F0F84-E582-4A47-A85A-6B799D17BB94}.Release|Any CPU.ActiveCfg = Release|Any CPU
		{115F0F84-E582-4A47-A85A-6B799D17BB94}.Release|Any CPU.Build.0 = Release|Any CPU
		{A021F5DB-DC4B-4A7B-9DD5-5E55A8A006AE}.Debug|Any CPU.ActiveCfg = Debug|Any CPU
		{A021F5DB-DC4B-4A7B-9DD5-5E55A8A006AE}.Debug|Any CPU.Build.0 = Debug|Any CPU
		{A021F5DB-DC4B-4A7B-9DD5-5E55A8A006AE}.Release|Any CPU.ActiveCfg = Release|Any CPU
		{A021F5DB-DC4B-4A7B-9DD5-5E55A8A006AE}.Release|Any CPU.Build.0 = Release|Any CPU
		{46AF0165-7193-4D86-9503-EE696A83489B}.Debug|Any CPU.ActiveCfg = Debug|Any CPU
		{46AF0165-7193-4D86-9503-EE696A83489B}.Debug|Any CPU.Build.0 = Debug|Any CPU
		{46AF0165-7193-4D86-9503-EE696A83489B}.Release|Any CPU.ActiveCfg = Release|Any CPU
		{46AF0165-7193-4D86-9503-EE696A83489B}.Release|Any CPU.Build.0 = Release|Any CPU
		{C0C90AAD-754F-4D9E-A433-E694CF081A1E}.Debug|Any CPU.ActiveCfg = Debug|Any CPU
		{C0C90AAD-754F-4D9E-A433-E694CF081A1E}.Debug|Any CPU.Build.0 = Debug|Any CPU
		{C0C90AAD-754F-4D9E-A433-E694CF081A1E}.Release|Any CPU.ActiveCfg = Release|Any CPU
		{C0C90AAD-754F-4D9E-A433-E694CF081A1E}.Release|Any CPU.Build.0 = Release|Any CPU
		{14999767-F25D-4033-B6FE-E7A392A77E14}.Debug|Any CPU.ActiveCfg = Debug|Any CPU
		{14999767-F25D-4033-B6FE-E7A392A77E14}.Debug|Any CPU.Build.0 = Debug|Any CPU
		{14999767-F25D-4033-B6FE-E7A392A77E14}.Release|Any CPU.ActiveCfg = Release|Any CPU
		{14999767-F25D-4033-B6FE-E7A392A77E14}.Release|Any CPU.Build.0 = Release|Any CPU
		{C6DD63BA-5085-4A25-BE00-09164A9ADEC9}.Debug|Any CPU.ActiveCfg = Debug|Any CPU
		{C6DD63BA-5085-4A25-BE00-09164A9ADEC9}.Debug|Any CPU.Build.0 = Debug|Any CPU
		{C6DD63BA-5085-4A25-BE00-09164A9ADEC9}.Release|Any CPU.ActiveCfg = Release|Any CPU
		{C6DD63BA-5085-4A25-BE00-09164A9ADEC9}.Release|Any CPU.Build.0 = Release|Any CPU
		{0E425F6C-35D8-4C69-B55C-76608C970AE9}.Debug|Any CPU.ActiveCfg = Debug|Any CPU
		{0E425F6C-35D8-4C69-B55C-76608C970AE9}.Debug|Any CPU.Build.0 = Debug|Any CPU
		{0E425F6C-35D8-4C69-B55C-76608C970AE9}.Release|Any CPU.ActiveCfg = Release|Any CPU
		{0E425F6C-35D8-4C69-B55C-76608C970AE9}.Release|Any CPU.Build.0 = Release|Any CPU
		{2A6B482D-B49E-4622-B9E7-FD77E36AB400}.Debug|Any CPU.ActiveCfg = Debug|Any CPU
		{2A6B482D-B49E-4622-B9E7-FD77E36AB400}.Debug|Any CPU.Build.0 = Debug|Any CPU
		{2A6B482D-B49E-4622-B9E7-FD77E36AB400}.Release|Any CPU.ActiveCfg = Release|Any CPU
		{2A6B482D-B49E-4622-B9E7-FD77E36AB400}.Release|Any CPU.Build.0 = Release|Any CPU
		{8130130D-FBB1-4105-A15F-D2E5F3564544}.Debug|Any CPU.ActiveCfg = Debug|Any CPU
		{8130130D-FBB1-4105-A15F-D2E5F3564544}.Debug|Any CPU.Build.0 = Debug|Any CPU
		{8130130D-FBB1-4105-A15F-D2E5F3564544}.Release|Any CPU.ActiveCfg = Release|Any CPU
		{8130130D-FBB1-4105-A15F-D2E5F3564544}.Release|Any CPU.Build.0 = Release|Any CPU
		{2AFF8CA5-8979-4CA2-9C46-F5FB061DEF44}.Debug|Any CPU.ActiveCfg = Debug|Any CPU
		{2AFF8CA5-8979-4CA2-9C46-F5FB061DEF44}.Debug|Any CPU.Build.0 = Debug|Any CPU
		{2AFF8CA5-8979-4CA2-9C46-F5FB061DEF44}.Release|Any CPU.ActiveCfg = Release|Any CPU
		{2AFF8CA5-8979-4CA2-9C46-F5FB061DEF44}.Release|Any CPU.Build.0 = Release|Any CPU
		{3B4F120B-FF3B-4C88-9116-398F8002CA3D}.Debug|Any CPU.ActiveCfg = Debug|Any CPU
		{3B4F120B-FF3B-4C88-9116-398F8002CA3D}.Debug|Any CPU.Build.0 = Debug|Any CPU
		{3B4F120B-FF3B-4C88-9116-398F8002CA3D}.Release|Any CPU.ActiveCfg = Release|Any CPU
		{3B4F120B-FF3B-4C88-9116-398F8002CA3D}.Release|Any CPU.Build.0 = Release|Any CPU
		{2423A5B9-38EA-453E-8CD3-6A9EDFECBFB9}.Debug|Any CPU.ActiveCfg = Debug|Any CPU
		{2423A5B9-38EA-453E-8CD3-6A9EDFECBFB9}.Debug|Any CPU.Build.0 = Debug|Any CPU
		{2423A5B9-38EA-453E-8CD3-6A9EDFECBFB9}.Release|Any CPU.ActiveCfg = Release|Any CPU
		{2423A5B9-38EA-453E-8CD3-6A9EDFECBFB9}.Release|Any CPU.Build.0 = Release|Any CPU
		{202530CC-5E28-4A34-9887-0DF3C7F73454}.Debug|Any CPU.ActiveCfg = Debug|Any CPU
		{202530CC-5E28-4A34-9887-0DF3C7F73454}.Debug|Any CPU.Build.0 = Debug|Any CPU
		{202530CC-5E28-4A34-9887-0DF3C7F73454}.Release|Any CPU.ActiveCfg = Release|Any CPU
		{202530CC-5E28-4A34-9887-0DF3C7F73454}.Release|Any CPU.Build.0 = Release|Any CPU
		{16A6FEDA-247D-4BA2-9461-AADF0C9D2313}.Debug|Any CPU.ActiveCfg = Debug|Any CPU
		{16A6FEDA-247D-4BA2-9461-AADF0C9D2313}.Debug|Any CPU.Build.0 = Debug|Any CPU
		{16A6FEDA-247D-4BA2-9461-AADF0C9D2313}.Release|Any CPU.ActiveCfg = Release|Any CPU
		{16A6FEDA-247D-4BA2-9461-AADF0C9D2313}.Release|Any CPU.Build.0 = Release|Any CPU
		{33200D8E-BBD5-4E20-A5D6-950F4A408A43}.Debug|Any CPU.ActiveCfg = Debug|Any CPU
		{33200D8E-BBD5-4E20-A5D6-950F4A408A43}.Debug|Any CPU.Build.0 = Debug|Any CPU
		{33200D8E-BBD5-4E20-A5D6-950F4A408A43}.Release|Any CPU.ActiveCfg = Release|Any CPU
		{33200D8E-BBD5-4E20-A5D6-950F4A408A43}.Release|Any CPU.Build.0 = Release|Any CPU
		{D094C9BE-8857-4E81-8304-32138574A86D}.Debug|Any CPU.ActiveCfg = Debug|Any CPU
		{D094C9BE-8857-4E81-8304-32138574A86D}.Debug|Any CPU.Build.0 = Debug|Any CPU
		{D094C9BE-8857-4E81-8304-32138574A86D}.Release|Any CPU.ActiveCfg = Release|Any CPU
		{D094C9BE-8857-4E81-8304-32138574A86D}.Release|Any CPU.Build.0 = Release|Any CPU
		{B48F408D-8FEB-4FC5-9600-57AB06A2A8D1}.Debug|Any CPU.ActiveCfg = Debug|Any CPU
		{B48F408D-8FEB-4FC5-9600-57AB06A2A8D1}.Debug|Any CPU.Build.0 = Debug|Any CPU
		{B48F408D-8FEB-4FC5-9600-57AB06A2A8D1}.Release|Any CPU.ActiveCfg = Release|Any CPU
		{B48F408D-8FEB-4FC5-9600-57AB06A2A8D1}.Release|Any CPU.Build.0 = Release|Any CPU
		{E786EA62-E49C-42CD-A940-167120B59892}.Debug|Any CPU.ActiveCfg = Debug|Any CPU
		{E786EA62-E49C-42CD-A940-167120B59892}.Debug|Any CPU.Build.0 = Debug|Any CPU
		{E786EA62-E49C-42CD-A940-167120B59892}.Release|Any CPU.ActiveCfg = Release|Any CPU
		{E786EA62-E49C-42CD-A940-167120B59892}.Release|Any CPU.Build.0 = Release|Any CPU
		{C61AE5A1-E7DF-400C-9F48-786406D1F1F7}.Debug|Any CPU.ActiveCfg = Debug|Any CPU
		{C61AE5A1-E7DF-400C-9F48-786406D1F1F7}.Debug|Any CPU.Build.0 = Debug|Any CPU
		{C61AE5A1-E7DF-400C-9F48-786406D1F1F7}.Release|Any CPU.ActiveCfg = Release|Any CPU
		{C61AE5A1-E7DF-400C-9F48-786406D1F1F7}.Release|Any CPU.Build.0 = Release|Any CPU
	EndGlobalSection
	GlobalSection(SolutionProperties) = preSolution
		HideSolutionNode = FALSE
	EndGlobalSection
	GlobalSection(NestedProjects) = preSolution
		{505A414F-4185-493C-A3FA-37BC23747BD8} = {B2488738-6988-4A79-8008-1C604D043F2A}
		{AFB21EE0-CBBC-4600-8D16-C72EC96E5A73} = {B2488738-6988-4A79-8008-1C604D043F2A}
		{26EE3A44-0561-408C-850A-C6C9BC8E893E} = {B2488738-6988-4A79-8008-1C604D043F2A}
		{AE06644F-BF83-42AC-A538-AF67F4D4FF24} = {00AD15D6-B388-46F2-9518-E7E93B64D61C}
		{3EC312FE-2493-40D1-8FAA-D33C9976733B} = {00AD15D6-B388-46F2-9518-E7E93B64D61C}
		{115F0F84-E582-4A47-A85A-6B799D17BB94} = {00AD15D6-B388-46F2-9518-E7E93B64D61C}
		{A021F5DB-DC4B-4A7B-9DD5-5E55A8A006AE} = {C109B9D2-6C44-4B4A-9AC1-85CB8FA3AC3C}
		{46AF0165-7193-4D86-9503-EE696A83489B} = {C109B9D2-6C44-4B4A-9AC1-85CB8FA3AC3C}
		{C0C90AAD-754F-4D9E-A433-E694CF081A1E} = {C109B9D2-6C44-4B4A-9AC1-85CB8FA3AC3C}
		{14999767-F25D-4033-B6FE-E7A392A77E14} = {1EE87910-622E-4691-BE19-DF1CC00040AB}
		{C6DD63BA-5085-4A25-BE00-09164A9ADEC9} = {1EE87910-622E-4691-BE19-DF1CC00040AB}
		{0E425F6C-35D8-4C69-B55C-76608C970AE9} = {1EE87910-622E-4691-BE19-DF1CC00040AB}
		{2A6B482D-B49E-4622-B9E7-FD77E36AB400} = {49C1DF64-4C51-4D8F-A2ED-1EC809C4780C}
		{8130130D-FBB1-4105-A15F-D2E5F3564544} = {49C1DF64-4C51-4D8F-A2ED-1EC809C4780C}
		{2AFF8CA5-8979-4CA2-9C46-F5FB061DEF44} = {49C1DF64-4C51-4D8F-A2ED-1EC809C4780C}
		{3B4F120B-FF3B-4C88-9116-398F8002CA3D} = {1A2B15D1-B503-4DCB-952D-12BB5991EEB7}
		{2423A5B9-38EA-453E-8CD3-6A9EDFECBFB9} = {1A2B15D1-B503-4DCB-952D-12BB5991EEB7}
		{202530CC-5E28-4A34-9887-0DF3C7F73454} = {1A2B15D1-B503-4DCB-952D-12BB5991EEB7}
		{16A6FEDA-247D-4BA2-9461-AADF0C9D2313} = {6E388A68-0808-4C4C-B553-27E060134E36}
		{33200D8E-BBD5-4E20-A5D6-950F4A408A43} = {6E388A68-0808-4C4C-B553-27E060134E36}
		{D094C9BE-8857-4E81-8304-32138574A86D} = {6E388A68-0808-4C4C-B553-27E060134E36}
		{B48F408D-8FEB-4FC5-9600-57AB06A2A8D1} = {256E7676-AF2D-42E8-BBD6-C668879FF6E2}
		{E786EA62-E49C-42CD-A940-167120B59892} = {256E7676-AF2D-42E8-BBD6-C668879FF6E2}
		{C61AE5A1-E7DF-400C-9F48-786406D1F1F7} = {256E7676-AF2D-42E8-BBD6-C668879FF6E2}
	EndGlobalSection
	GlobalSection(ExtensibilityGlobals) = postSolution
		SolutionGuid = {1FE29401-2967-4AF2-807A-BF0B374860F6}
	EndGlobalSection
EndGlobal
